
Microsoft Visual Studio Solution File, Format Version 12.00
# Visual Studio Version 16
VisualStudioVersion = 16.0.30907.101
MinimumVisualStudioVersion = 10.0.40219.1
Project("{FAE04EC0-301F-11D3-BF4B-00C04F79EFBC}") = "Business_Application", "Business_Application\Business_Application.csproj", "{7DDCB174-A4C4-4AB3-9A7A-B14AB150AF7A}"
EndProject
Global
	GlobalSection(SolutionConfigurationPlatforms) = preSolution
		Debug|Any CPU = Debug|Any CPU
		Release|Any CPU = Release|Any CPU
	EndGlobalSection
	GlobalSection(ProjectConfigurationPlatforms) = postSolution
		{7DDCB174-A4C4-4AB3-9A7A-B14AB150AF7A}.Debug|Any CPU.ActiveCfg = Debug|Any CPU
		{7DDCB174-A4C4-4AB3-9A7A-B14AB150AF7A}.Debug|Any CPU.Build.0 = Debug|Any CPU
		{7DDCB174-A4C4-4AB3-9A7A-B14AB150AF7A}.Release|Any CPU.ActiveCfg = Release|Any CPU
		{7DDCB174-A4C4-4AB3-9A7A-B14AB150AF7A}.Release|Any CPU.Build.0 = Release|Any CPU
	EndGlobalSection
	GlobalSection(SolutionProperties) = preSolution
		HideSolutionNode = FALSE
	EndGlobalSection
	GlobalSection(ExtensibilityGlobals) = postSolution
		SolutionGuid = {4DF96BBD-0F26-4E48-BD43-36C44F7B02B7}
	EndGlobalSection
EndGlobal
